// !$*UTF8*$!
{
	archiveVersion = 1;
	classes = {
	};
	objectVersion = 50;
	objects = {

/* Begin PBXBuildFile section */
		CFCFE1AC248C59D4005435A2 /* AppDelegate.swift in Sources */ = {isa = PBXBuildFile; fileRef = CFCFE1AB248C59D4005435A2 /* AppDelegate.swift */; };
		CFCFE1AE248C59D4005435A2 /* GameScene.sks in Resources */ = {isa = PBXBuildFile; fileRef = CFCFE1AD248C59D4005435A2 /* GameScene.sks */; };
		CFCFE1B0248C59D4005435A2 /* Actions.sks in Resources */ = {isa = PBXBuildFile; fileRef = CFCFE1AF248C59D4005435A2 /* Actions.sks */; };
		CFCFE1B2248C59D4005435A2 /* GameScene.swift in Sources */ = {isa = PBXBuildFile; fileRef = CFCFE1B1248C59D4005435A2 /* GameScene.swift */; };
		CFCFE1B4248C59D4005435A2 /* GameViewController.swift in Sources */ = {isa = PBXBuildFile; fileRef = CFCFE1B3248C59D4005435A2 /* GameViewController.swift */; };
		CFCFE1B7248C59D4005435A2 /* Main.storyboard in Resources */ = {isa = PBXBuildFile; fileRef = CFCFE1B5248C59D4005435A2 /* Main.storyboard */; };
		CFCFE1B9248C59D6005435A2 /* Assets.xcassets in Resources */ = {isa = PBXBuildFile; fileRef = CFCFE1B8248C59D6005435A2 /* Assets.xcassets */; };
		CFCFE1BC248C59D6005435A2 /* LaunchScreen.storyboard in Resources */ = {isa = PBXBuildFile; fileRef = CFCFE1BA248C59D6005435A2 /* LaunchScreen.storyboard */; };
/* End PBXBuildFile section */

/* Begin PBXFileReference section */
		CFCFE1A8248C59D4005435A2 /* spritekit-playground.app */ = {isa = PBXFileReference; explicitFileType = wrapper.application; includeInIndex = 0; path = "spritekit-playground.app"; sourceTree = BUILT_PRODUCTS_DIR; };
		CFCFE1AB248C59D4005435A2 /* AppDelegate.swift */ = {isa = PBXFileReference; lastKnownFileType = sourcecode.swift; path = AppDelegate.swift; sourceTree = "<group>"; };
		CFCFE1AD248C59D4005435A2 /* GameScene.sks */ = {isa = PBXFileReference; lastKnownFileType = file.sks; path = GameScene.sks; sourceTree = "<group>"; };
		CFCFE1AF248C59D4005435A2 /* Actions.sks */ = {isa = PBXFileReference; lastKnownFileType = file.sks; path = Actions.sks; sourceTree = "<group>"; };
		CFCFE1B1248C59D4005435A2 /* GameScene.swift */ = {isa = PBXFileReference; lastKnownFileType = sourcecode.swift; path = GameScene.swift; sourceTree = "<group>"; };
		CFCFE1B3248C59D4005435A2 /* GameViewController.swift */ = {isa = PBXFileReference; lastKnownFileType = sourcecode.swift; path = GameViewController.swift; sourceTree = "<group>"; };
		CFCFE1B6248C59D4005435A2 /* Base */ = {isa = PBXFileReference; lastKnownFileType = file.storyboard; name = Base; path = Base.lproj/Main.storyboard; sourceTree = "<group>"; };
		CFCFE1B8248C59D6005435A2 /* Assets.xcassets */ = {isa = PBXFileReference; lastKnownFileType = folder.assetcatalog; path = Assets.xcassets; sourceTree = "<group>"; };
		CFCFE1BB248C59D6005435A2 /* Base */ = {isa = PBXFileReference; lastKnownFileType = file.storyboard; name = Base; path = Base.lproj/LaunchScreen.storyboard; sourceTree = "<group>"; };
		CFCFE1BD248C59D6005435A2 /* Info.plist */ = {isa = PBXFileReference; lastKnownFileType = text.plist.xml; path = Info.plist; sourceTree = "<group>"; };
/* End PBXFileReference section */

/* Begin PBXFrameworksBuildPhase section */
		CFCFE1A5248C59D4005435A2 /* Frameworks */ = {
			isa = PBXFrameworksBuildPhase;
			buildActionMask = 2147483647;
			files = (
			);
			runOnlyForDeploymentPostprocessing = 0;
		};
/* End PBXFrameworksBuildPhase section */

/* Begin PBXGroup section */
		CFCFE19F248C59D4005435A2 = {
			isa = PBXGroup;
			children = (
				CFCFE1AA248C59D4005435A2 /* spritekit-playground */,
				CFCFE1A9248C59D4005435A2 /* Products */,
			);
			sourceTree = "<group>";
		};
		CFCFE1A9248C59D4005435A2 /* Products */ = {
			isa = PBXGroup;
			children = (
				CFCFE1A8248C59D4005435A2 /* spritekit-playground.app */,
			);
			name = Products;
			sourceTree = "<group>";
		};
		CFCFE1AA248C59D4005435A2 /* spritekit-playground */ = {
			isa = PBXGroup;
			children = (
				CFCFE1AB248C59D4005435A2 /* AppDelegate.swift */,
				CFCFE1AD248C59D4005435A2 /* GameScene.sks */,
				CFCFE1AF248C59D4005435A2 /* Actions.sks */,
				CFCFE1B1248C59D4005435A2 /* GameScene.swift */,
				CFCFE1B3248C59D4005435A2 /* GameViewController.swift */,
				CFCFE1B5248C59D4005435A2 /* Main.storyboard */,
				CFCFE1B8248C59D6005435A2 /* Assets.xcassets */,
				CFCFE1BA248C59D6005435A2 /* LaunchScreen.storyboard */,
				CFCFE1BD248C59D6005435A2 /* Info.plist */,
			);
			path = "spritekit-playground";
			sourceTree = "<group>";
		};
/* End PBXGroup section */

/* Begin PBXNativeTarget section */
		CFCFE1A7248C59D4005435A2 /* spritekit-playground */ = {
			isa = PBXNativeTarget;
			buildConfigurationList = CFCFE1C0248C59D6005435A2 /* Build configuration list for PBXNativeTarget "spritekit-playground" */;
			buildPhases = (
				CFCFE1A4248C59D4005435A2 /* Sources */,
				CFCFE1A5248C59D4005435A2 /* Frameworks */,
				CFCFE1A6248C59D4005435A2 /* Resources */,
			);
			buildRules = (
			);
			dependencies = (
			);
			name = "spritekit-playground";
			productName = "spritekit-playground";
			productReference = CFCFE1A8248C59D4005435A2 /* spritekit-playground.app */;
			productType = "com.apple.product-type.application";
		};
/* End PBXNativeTarget section */

/* Begin PBXProject section */
		CFCFE1A0248C59D4005435A2 /* Project object */ = {
			isa = PBXProject;
			attributes = {
				LastSwiftUpdateCheck = 1150;
				LastUpgradeCheck = 1150;
				ORGANIZATIONNAME = "Serhiy Yashchuk";
				TargetAttributes = {
					CFCFE1A7248C59D4005435A2 = {
						CreatedOnToolsVersion = 11.5;
					};
				};
			};
			buildConfigurationList = CFCFE1A3248C59D4005435A2 /* Build configuration list for PBXProject "spritekit-playground" */;
			compatibilityVersion = "Xcode 9.3";
			developmentRegion = en;
			hasScannedForEncodings = 0;
			knownRegions = (
				en,
				Base,
			);
			mainGroup = CFCFE19F248C59D4005435A2;
			productRefGroup = CFCFE1A9248C59D4005435A2 /* Products */;
			projectDirPath = "";
			projectRoot = "";
			targets = (
				CFCFE1A7248C59D4005435A2 /* spritekit-playground */,
			);
		};
/* End PBXProject section */

/* Begin PBXResourcesBuildPhase section */
		CFCFE1A6248C59D4005435A2 /* Resources */ = {
			isa = PBXResourcesBuildPhase;
			buildActionMask = 2147483647;
			files = (
				CFCFE1B7248C59D4005435A2 /* Main.storyboard in Resources */,
				CFCFE1AE248C59D4005435A2 /* GameScene.sks in Resources */,
				CFCFE1B9248C59D6005435A2 /* Assets.xcassets in Resources */,
				CFCFE1BC248C59D6005435A2 /* LaunchScreen.storyboard in Resources */,
				CFCFE1B0248C59D4005435A2 /* Actions.sks in Resources */,
			);
			runOnlyForDeploymentPostprocessing = 0;
		};
/* End PBXResourcesBuildPhase section */

/* Begin PBXSourcesBuildPhase section */
		CFCFE1A4248C59D4005435A2 /* Sources */ = {
			isa = PBXSourcesBuildPhase;
			buildActionMask = 2147483647;
			files = (
				CFCFE1B2248C59D4005435A2 /* GameScene.swift in Sources */,
				CFCFE1B4248C59D4005435A2 /* GameViewController.swift in Sources */,
				CFCFE1AC248C59D4005435A2 /* AppDelegate.swift in Sources */,
			);
			runOnlyForDeploymentPostprocessing = 0;
		};
/* End PBXSourcesBuildPhase section */

/* Begin PBXVariantGroup section */
		CFCFE1B5248C59D4005435A2 /* Main.storyboard */ = {
			isa = PBXVariantGroup;
			children = (
				CFCFE1B6248C59D4005435A2 /* Base */,
			);
			name = Main.storyboard;
			sourceTree = "<group>";
		};
		CFCFE1BA248C59D6005435A2 /* LaunchScreen.storyboard */ = {
			isa = PBXVariantGroup;
			children = (
				CFCFE1BB248C59D6005435A2 /* Base */,
			);
			name = LaunchScreen.storyboard;
			sourceTree = "<group>";
		};
/* End PBXVariantGroup section */

/* Begin XCBuildConfiguration section */
		CFCFE1BE248C59D6005435A2 /* Debug */ = {
			isa = XCBuildConfiguration;
			buildSettings = {
				ALWAYS_SEARCH_USER_PATHS = NO;
				CLANG_ANALYZER_NONNULL = YES;
				CLANG_ANALYZER_NUMBER_OBJECT_CONVERSION = YES_AGGRESSIVE;
				CLANG_CXX_LANGUAGE_STANDARD = "gnu++14";
				CLANG_CXX_LIBRARY = "libc++";
				CLANG_ENABLE_MODULES = YES;
				CLANG_ENABLE_OBJC_ARC = YES;
				CLANG_ENABLE_OBJC_WEAK = YES;
				CLANG_WARN_BLOCK_CAPTURE_AUTORELEASING = YES;
				CLANG_WARN_BOOL_CONVERSION = YES;
				CLANG_WARN_COMMA = YES;
				CLANG_WARN_CONSTANT_CONVERSION = YES;
				CLANG_WARN_DEPRECATED_OBJC_IMPLEMENTATIONS = YES;
				CLANG_WARN_DIRECT_OBJC_ISA_USAGE = YES_ERROR;
				CLANG_WARN_DOCUMENTATION_COMMENTS = YES;
				CLANG_WARN_EMPTY_BODY = YES;
				CLANG_WARN_ENUM_CONVERSION = YES;
				CLANG_WARN_INFINITE_RECURSION = YES;
				CLANG_WARN_INT_CONVERSION = YES;
				CLANG_WARN_NON_LITERAL_NULL_CONVERSION = YES;
				CLANG_WARN_OBJC_IMPLICIT_RETAIN_SELF = YES;
				CLANG_WARN_OBJC_LITERAL_CONVERSION = YES;
				CLANG_WARN_OBJC_ROOT_CLASS = YES_ERROR;
				CLANG_WARN_RANGE_LOOP_ANALYSIS = YES;
				CLANG_WARN_STRICT_PROTOTYPES = YES;
				CLANG_WARN_SUSPICIOUS_MOVE = YES;
				CLANG_WARN_UNGUARDED_AVAILABILITY = YES_AGGRESSIVE;
				CLANG_WARN_UNREACHABLE_CODE = YES;
				CLANG_WARN__DUPLICATE_METHOD_MATCH = YES;
				COPY_PHASE_STRIP = NO;
				DEBUG_INFORMATION_FORMAT = dwarf;
				ENABLE_STRICT_OBJC_MSGSEND = YES;
				ENABLE_TESTABILITY = YES;
				GCC_C_LANGUAGE_STANDARD = gnu11;
				GCC_DYNAMIC_NO_PIC = NO;
				GCC_NO_COMMON_BLOCKS = YES;
				GCC_OPTIMIZATION_LEVEL = 0;
				GCC_PREPROCESSOR_DEFINITIONS = (
					"DEBUG=1",
					"$(inherited)",
				);
				GCC_WARN_64_TO_32_BIT_CONVERSION = YES;
				GCC_WARN_ABOUT_RETURN_TYPE = YES_ERROR;
				GCC_WARN_UNDECLARED_SELECTOR = YES;
				GCC_WARN_UNINITIALIZED_AUTOS = YES_AGGRESSIVE;
				GCC_WARN_UNUSED_FUNCTION = YES;
				GCC_WARN_UNUSED_VARIABLE = YES;
				IPHONEOS_DEPLOYMENT_TARGET = 13.5;
				MTL_ENABLE_DEBUG_INFO = INCLUDE_SOURCE;
				MTL_FAST_MATH = YES;
				ONLY_ACTIVE_ARCH = YES;
				SDKROOT = iphoneos;
				SWIFT_ACTIVE_COMPILATION_CONDITIONS = DEBUG;
				SWIFT_OPTIMIZATION_LEVEL = "-Onone";
			};
			name = Debug;
		};
		CFCFE1BF248C59D6005435A2 /* Release */ = {
			isa = XCBuildConfiguration;
			buildSettings = {
				ALWAYS_SEARCH_USER_PATHS = NO;
				CLANG_ANALYZER_NONNULL = YES;
				CLANG_ANALYZER_NUMBER_OBJECT_CONVERSION = YES_AGGRESSIVE;
				CLANG_CXX_LANGUAGE_STANDARD = "gnu++14";
				CLANG_CXX_LIBRARY = "libc++";
				CLANG_ENABLE_MODULES = YES;
				CLANG_ENABLE_OBJC_ARC = YES;
				CLANG_ENABLE_OBJC_WEAK = YES;
				CLANG_WARN_BLOCK_CAPTURE_AUTORELEASING = YES;
				CLANG_WARN_BOOL_CONVERSION = YES;
				CLANG_WARN_COMMA = YES;
				CLANG_WARN_CONSTANT_CONVERSION = YES;
				CLANG_WARN_DEPRECATED_OBJC_IMPLEMENTATIONS = YES;
				CLANG_WARN_DIRECT_OBJC_ISA_USAGE = YES_ERROR;
				CLANG_WARN_DOCUMENTATION_COMMENTS = YES;
				CLANG_WARN_EMPTY_BODY = YES;
				CLANG_WARN_ENUM_CONVERSION = YES;
				CLANG_WARN_INFINITE_RECURSION = YES;
				CLANG_WARN_INT_CONVERSION = YES;
				CLANG_WARN_NON_LITERAL_NULL_CONVERSION = YES;
				CLANG_WARN_OBJC_IMPLICIT_RETAIN_SELF = YES;
				CLANG_WARN_OBJC_LITERAL_CONVERSION = YES;
				CLANG_WARN_OBJC_ROOT_CLASS = YES_ERROR;
				CLANG_WARN_RANGE_LOOP_ANALYSIS = YES;
				CLANG_WARN_STRICT_PROTOTYPES = YES;
				CLANG_WARN_SUSPICIOUS_MOVE = YES;
				CLANG_WARN_UNGUARDED_AVAILABILITY = YES_AGGRESSIVE;
				CLANG_WARN_UNREACHABLE_CODE = YES;
				CLANG_WARN__DUPLICATE_METHOD_MATCH = YES;
				COPY_PHASE_STRIP = NO;
				DEBUG_INFORMATION_FORMAT = "dwarf-with-dsym";
				ENABLE_NS_ASSERTIONS = NO;
				ENABLE_STRICT_OBJC_MSGSEND = YES;
				GCC_C_LANGUAGE_STANDARD = gnu11;
				GCC_NO_COMMON_BLOCKS = YES;
				GCC_WARN_64_TO_32_BIT_CONVERSION = YES;
				GCC_WARN_ABOUT_RETURN_TYPE = YES_ERROR;
				GCC_WARN_UNDECLARED_SELECTOR = YES;
				GCC_WARN_UNINITIALIZED_AUTOS = YES_AGGRESSIVE;
				GCC_WARN_UNUSED_FUNCTION = YES;
				GCC_WARN_UNUSED_VARIABLE = YES;
				IPHONEOS_DEPLOYMENT_TARGET = 13.5;
				MTL_ENABLE_DEBUG_INFO = NO;
				MTL_FAST_MATH = YES;
				SDKROOT = iphoneos;
				SWIFT_COMPILATION_MODE = wholemodule;
				SWIFT_OPTIMIZATION_LEVEL = "-O";
				VALIDATE_PRODUCT = YES;
			};
			name = Release;
		};
		CFCFE1C1248C59D6005435A2 /* Debug */ = {
			isa = XCBuildConfiguration;
			buildSettings = {
				ASSETCATALOG_COMPILER_APPICON_NAME = AppIcon;
				CODE_SIGN_STYLE = Automatic;
				INFOPLIST_FILE = "spritekit-playground/Info.plist";
				LD_RUNPATH_SEARCH_PATHS = (
					"$(inherited)",
					"@executable_path/Frameworks",
				);
				PRODUCT_BUNDLE_IDENTIFIER = "serg-y.spritekit-playground";
				PRODUCT_NAME = "$(TARGET_NAME)";
				SWIFT_VERSION = 5.0;
				TARGETED_DEVICE_FAMILY = "1,2";
			};
			name = Debug;
		};
		CFCFE1C2248C59D6005435A2 /* Release */ = {
			isa = XCBuildConfiguration;
			buildSettings = {
				ASSETCATALOG_COMPILER_APPICON_NAME = AppIcon;
				CODE_SIGN_STYLE = Automatic;
				INFOPLIST_FILE = "spritekit-playground/Info.plist";
				LD_RUNPATH_SEARCH_PATHS = (
					"$(inherited)",
					"@executable_path/Frameworks",
				);
				PRODUCT_BUNDLE_IDENTIFIER = "serg-y.spritekit-playground";
				PRODUCT_NAME = "$(TARGET_NAME)";
				SWIFT_VERSION = 5.0;
				TARGETED_DEVICE_FAMILY = "1,2";
			};
			name = Release;
		};
/* End XCBuildConfiguration section */

/* Begin XCConfigurationList section */
		CFCFE1A3248C59D4005435A2 /* Build configuration list for PBXProject "spritekit-playground" */ = {
			isa = XCConfigurationList;
			buildConfigurations = (
				CFCFE1BE248C59D6005435A2 /* Debug */,
				CFCFE1BF248C59D6005435A2 /* Release */,
			);
			defaultConfigurationIsVisible = 0;
			defaultConfigurationName = Release;
		};
		CFCFE1C0248C59D6005435A2 /* Build configuration list for PBXNativeTarget "spritekit-playground" */ = {
			isa = XCConfigurationList;
			buildConfigurations = (
				CFCFE1C1248C59D6005435A2 /* Debug */,
				CFCFE1C2248C59D6005435A2 /* Release */,
			);
			defaultConfigurationIsVisible = 0;
			defaultConfigurationName = Release;
		};
/* End XCConfigurationList section */
	};
	rootObject = CFCFE1A0248C59D4005435A2 /* Project object */;
}
